// !$*UTF8*$!
{
	archiveVersion = 1;
	classes = {
	};
	objectVersion = 50;
	objects = {

/* Begin PBXBuildFile section */
		54953ECC261C49CC002737B9 /* duoProjectApp.swift in Sources */ = {isa = PBXBuildFile; fileRef = 54953ECB261C49CC002737B9 /* duoProjectApp.swift */; };
		54953ECE261C49CC002737B9 /* ContentView.swift in Sources */ = {isa = PBXBuildFile; fileRef = 54953ECD261C49CC002737B9 /* ContentView.swift */; };
		54953ED0261C49CF002737B9 /* Assets.xcassets in Resources */ = {isa = PBXBuildFile; fileRef = 54953ECF261C49CF002737B9 /* Assets.xcassets */; };
		54953ED3261C49CF002737B9 /* Preview Assets.xcassets in Resources */ = {isa = PBXBuildFile; fileRef = 54953ED2261C49CF002737B9 /* Preview Assets.xcassets */; };
		54953EDC261C4D85002737B9 /* navigationBar.swift in Sources */ = {isa = PBXBuildFile; fileRef = 54953EDB261C4D85002737B9 /* navigationBar.swift */; };
		54953EE1261C60C0002737B9 /* HomeView.swift in Sources */ = {isa = PBXBuildFile; fileRef = 54953EE0261C60C0002737B9 /* HomeView.swift */; };
		54953EEE261CE1B9002737B9 /* cardView.swift in Sources */ = {isa = PBXBuildFile; fileRef = 54953EED261CE1B9002737B9 /* cardView.swift */; };
		54953EF1261CE21F002737B9 /* companyCards.swift in Sources */ = {isa = PBXBuildFile; fileRef = 54953EF0261CE21F002737B9 /* companyCards.swift */; };
/* End PBXBuildFile section */

/* Begin PBXFileReference section */
		54953EC8261C49CC002737B9 /* duoProject.app */ = {isa = PBXFileReference; explicitFileType = wrapper.application; includeInIndex = 0; path = duoProject.app; sourceTree = BUILT_PRODUCTS_DIR; };
		54953ECB261C49CC002737B9 /* duoProjectApp.swift */ = {isa = PBXFileReference; lastKnownFileType = sourcecode.swift; path = duoProjectApp.swift; sourceTree = "<group>"; };
		54953ECD261C49CC002737B9 /* ContentView.swift */ = {isa = PBXFileReference; lastKnownFileType = sourcecode.swift; path = ContentView.swift; sourceTree = "<group>"; };
		54953ECF261C49CF002737B9 /* Assets.xcassets */ = {isa = PBXFileReference; lastKnownFileType = folder.assetcatalog; path = Assets.xcassets; sourceTree = "<group>"; };
		54953ED2261C49CF002737B9 /* Preview Assets.xcassets */ = {isa = PBXFileReference; lastKnownFileType = folder.assetcatalog; path = "Preview Assets.xcassets"; sourceTree = "<group>"; };
		54953ED4261C49CF002737B9 /* Info.plist */ = {isa = PBXFileReference; lastKnownFileType = text.plist.xml; path = Info.plist; sourceTree = "<group>"; };
		54953EDB261C4D85002737B9 /* navigationBar.swift */ = {isa = PBXFileReference; lastKnownFileType = sourcecode.swift; path = navigationBar.swift; sourceTree = "<group>"; };
		54953EE0261C60C0002737B9 /* HomeView.swift */ = {isa = PBXFileReference; lastKnownFileType = sourcecode.swift; path = HomeView.swift; sourceTree = "<group>"; };
		54953EED261CE1B9002737B9 /* cardView.swift */ = {isa = PBXFileReference; lastKnownFileType = sourcecode.swift; path = cardView.swift; sourceTree = "<group>"; };
		54953EF0261CE21F002737B9 /* companyCards.swift */ = {isa = PBXFileReference; lastKnownFileType = sourcecode.swift; path = companyCards.swift; sourceTree = "<group>"; };
/* End PBXFileReference section */

/* Begin PBXFrameworksBuildPhase section */
		54953EC5261C49CC002737B9 /* Frameworks */ = {
			isa = PBXFrameworksBuildPhase;
			buildActionMask = 2147483647;
			files = (
			);
			runOnlyForDeploymentPostprocessing = 0;
		};
/* End PBXFrameworksBuildPhase section */

/* Begin PBXGroup section */
		54953EBF261C49CC002737B9 = {
			isa = PBXGroup;
			children = (
				54953ECA261C49CC002737B9 /* duoProject */,
				54953EC9261C49CC002737B9 /* Products */,
			);
			sourceTree = "<group>";
		};
		54953EC9261C49CC002737B9 /* Products */ = {
			isa = PBXGroup;
			children = (
				54953EC8261C49CC002737B9 /* duoProject.app */,
			);
			name = Products;
			sourceTree = "<group>";
		};
		54953ECA261C49CC002737B9 /* duoProject */ = {
			isa = PBXGroup;
			children = (
				54953ECB261C49CC002737B9 /* duoProjectApp.swift */,
				54953EDE261C5DE6002737B9 /* Views */,
				54953ECF261C49CF002737B9 /* Assets.xcassets */,
				54953ED4261C49CF002737B9 /* Info.plist */,
				54953ED1261C49CF002737B9 /* Preview Content */,
			);
			path = duoProject;
			sourceTree = "<group>";
		};
		54953ED1261C49CF002737B9 /* Preview Content */ = {
			isa = PBXGroup;
			children = (
				54953ED2261C49CF002737B9 /* Preview Assets.xcassets */,
			);
			path = "Preview Content";
			sourceTree = "<group>";
		};
		54953EDE261C5DE6002737B9 /* Views */ = {
			isa = PBXGroup;
			children = (
				54953EDB261C4D85002737B9 /* navigationBar.swift */,
				54953ECD261C49CC002737B9 /* ContentView.swift */,
				54953EE0261C60C0002737B9 /* HomeView.swift */,
				54953EED261CE1B9002737B9 /* cardView.swift */,
				54953EF0261CE21F002737B9 /* companyCards.swift */,
			);
			path = Views;
			sourceTree = "<group>";
		};
/* End PBXGroup section */

/* Begin PBXNativeTarget section */
		54953EC7261C49CC002737B9 /* duoProject */ = {
			isa = PBXNativeTarget;
			buildConfigurationList = 54953ED7261C49CF002737B9 /* Build configuration list for PBXNativeTarget "duoProject" */;
			buildPhases = (
				54953EC4261C49CC002737B9 /* Sources */,
				54953EC5261C49CC002737B9 /* Frameworks */,
				54953EC6261C49CC002737B9 /* Resources */,
			);
			buildRules = (
			);
			dependencies = (
			);
			name = duoProject;
			productName = duoProject;
			productReference = 54953EC8261C49CC002737B9 /* duoProject.app */;
			productType = "com.apple.product-type.application";
		};
/* End PBXNativeTarget section */

/* Begin PBXProject section */
		54953EC0261C49CC002737B9 /* Project object */ = {
			isa = PBXProject;
			attributes = {
				LastSwiftUpdateCheck = 1240;
				LastUpgradeCheck = 1240;
				TargetAttributes = {
					54953EC7261C49CC002737B9 = {
						CreatedOnToolsVersion = 12.4;
					};
				};
			};
			buildConfigurationList = 54953EC3261C49CC002737B9 /* Build configuration list for PBXProject "duoProject" */;
			compatibilityVersion = "Xcode 9.3";
			developmentRegion = en;
			hasScannedForEncodings = 0;
			knownRegions = (
				en,
				Base,
			);
			mainGroup = 54953EBF261C49CC002737B9;
			productRefGroup = 54953EC9261C49CC002737B9 /* Products */;
			projectDirPath = "";
			projectRoot = "";
			targets = (
				54953EC7261C49CC002737B9 /* duoProject */,
			);
		};
/* End PBXProject section */

/* Begin PBXResourcesBuildPhase section */
		54953EC6261C49CC002737B9 /* Resources */ = {
			isa = PBXResourcesBuildPhase;
			buildActionMask = 2147483647;
			files = (
				54953ED3261C49CF002737B9 /* Preview Assets.xcassets in Resources */,
				54953ED0261C49CF002737B9 /* Assets.xcassets in Resources */,
			);
			runOnlyForDeploymentPostprocessing = 0;
		};
/* End PBXResourcesBuildPhase section */

/* Begin PBXSourcesBuildPhase section */
		54953EC4261C49CC002737B9 /* Sources */ = {
			isa = PBXSourcesBuildPhase;
			buildActionMask = 2147483647;
			files = (
				54953ECE261C49CC002737B9 /* ContentView.swift in Sources */,
				54953EE1261C60C0002737B9 /* HomeView.swift in Sources */,
				54953EDC261C4D85002737B9 /* navigationBar.swift in Sources */,
				54953EF1261CE21F002737B9 /* companyCards.swift in Sources */,
				54953ECC261C49CC002737B9 /* duoProjectApp.swift in Sources */,
				54953EEE261CE1B9002737B9 /* cardView.swift in Sources */,
			);
			runOnlyForDeploymentPostprocessing = 0;
		};
/* End PBXSourcesBuildPhase section */

/* Begin XCBuildConfiguration section */
		54953ED5261C49CF002737B9 /* Debug */ = {
			isa = XCBuildConfiguration;
			buildSettings = {
				ALWAYS_SEARCH_USER_PATHS = NO;
				CLANG_ANALYZER_NONNULL = YES;
				CLANG_ANALYZER_NUMBER_OBJECT_CONVERSION = YES_AGGRESSIVE;
				CLANG_CXX_LANGUAGE_STANDARD = "gnu++14";
				CLANG_CXX_LIBRARY = "libc++";
				CLANG_ENABLE_MODULES = YES;
				CLANG_ENABLE_OBJC_ARC = YES;
				CLANG_ENABLE_OBJC_WEAK = YES;
				CLANG_WARN_BLOCK_CAPTURE_AUTORELEASING = YES;
				CLANG_WARN_BOOL_CONVERSION = YES;
				CLANG_WARN_COMMA = YES;
				CLANG_WARN_CONSTANT_CONVERSION = YES;
				CLANG_WARN_DEPRECATED_OBJC_IMPLEMENTATIONS = YES;
				CLANG_WARN_DIRECT_OBJC_ISA_USAGE = YES_ERROR;
				CLANG_WARN_DOCUMENTATION_COMMENTS = YES;
				CLANG_WARN_EMPTY_BODY = YES;
				CLANG_WARN_ENUM_CONVERSION = YES;
				CLANG_WARN_INFINITE_RECURSION = YES;
				CLANG_WARN_INT_CONVERSION = YES;
				CLANG_WARN_NON_LITERAL_NULL_CONVERSION = YES;
				CLANG_WARN_OBJC_IMPLICIT_RETAIN_SELF = YES;
				CLANG_WARN_OBJC_LITERAL_CONVERSION = YES;
				CLANG_WARN_OBJC_ROOT_CLASS = YES_ERROR;
				CLANG_WARN_QUOTED_INCLUDE_IN_FRAMEWORK_HEADER = YES;
				CLANG_WARN_RANGE_LOOP_ANALYSIS = YES;
				CLANG_WARN_STRICT_PROTOTYPES = YES;
				CLANG_WARN_SUSPICIOUS_MOVE = YES;
				CLANG_WARN_UNGUARDED_AVAILABILITY = YES_AGGRESSIVE;
				CLANG_WARN_UNREACHABLE_CODE = YES;
				CLANG_WARN__DUPLICATE_METHOD_MATCH = YES;
				COPY_PHASE_STRIP = NO;
				DEBUG_INFORMATION_FORMAT = dwarf;
				ENABLE_STRICT_OBJC_MSGSEND = YES;
				ENABLE_TESTABILITY = YES;
				GCC_C_LANGUAGE_STANDARD = gnu11;
				GCC_DYNAMIC_NO_PIC = NO;
				GCC_NO_COMMON_BLOCKS = YES;
				GCC_OPTIMIZATION_LEVEL = 0;
				GCC_PREPROCESSOR_DEFINITIONS = (
					"DEBUG=1",
					"$(inherited)",
				);
				GCC_WARN_64_TO_32_BIT_CONVERSION = YES;
				GCC_WARN_ABOUT_RETURN_TYPE = YES_ERROR;
				GCC_WARN_UNDECLARED_SELECTOR = YES;
				GCC_WARN_UNINITIALIZED_AUTOS = YES_AGGRESSIVE;
				GCC_WARN_UNUSED_FUNCTION = YES;
				GCC_WARN_UNUSED_VARIABLE = YES;
				IPHONEOS_DEPLOYMENT_TARGET = 14.4;
				MTL_ENABLE_DEBUG_INFO = INCLUDE_SOURCE;
				MTL_FAST_MATH = YES;
				ONLY_ACTIVE_ARCH = YES;
				SDKROOT = iphoneos;
				SWIFT_ACTIVE_COMPILATION_CONDITIONS = DEBUG;
				SWIFT_OPTIMIZATION_LEVEL = "-Onone";
			};
			name = Debug;
		};
		54953ED6261C49CF002737B9 /* Release */ = {
			isa = XCBuildConfiguration;
			buildSettings = {
				ALWAYS_SEARCH_USER_PATHS = NO;
				CLANG_ANALYZER_NONNULL = YES;
				CLANG_ANALYZER_NUMBER_OBJECT_CONVERSION = YES_AGGRESSIVE;
				CLANG_CXX_LANGUAGE_STANDARD = "gnu++14";
				CLANG_CXX_LIBRARY = "libc++";
				CLANG_ENABLE_MODULES = YES;
				CLANG_ENABLE_OBJC_ARC = YES;
				CLANG_ENABLE_OBJC_WEAK = YES;
				CLANG_WARN_BLOCK_CAPTURE_AUTORELEASING = YES;
				CLANG_WARN_BOOL_CONVERSION = YES;
				CLANG_WARN_COMMA = YES;
				CLANG_WARN_CONSTANT_CONVERSION = YES;
				CLANG_WARN_DEPRECATED_OBJC_IMPLEMENTATIONS = YES;
				CLANG_WARN_DIRECT_OBJC_ISA_USAGE = YES_ERROR;
				CLANG_WARN_DOCUMENTATION_COMMENTS = YES;
				CLANG_WARN_EMPTY_BODY = YES;
				CLANG_WARN_ENUM_CONVERSION = YES;
				CLANG_WARN_INFINITE_RECURSION = YES;
				CLANG_WARN_INT_CONVERSION = YES;
				CLANG_WARN_NON_LITERAL_NULL_CONVERSION = YES;
				CLANG_WARN_OBJC_IMPLICIT_RETAIN_SELF = YES;
				CLANG_WARN_OBJC_LITERAL_CONVERSION = YES;
				CLANG_WARN_OBJC_ROOT_CLASS = YES_ERROR;
				CLANG_WARN_QUOTED_INCLUDE_IN_FRAMEWORK_HEADER = YES;
				CLANG_WARN_RANGE_LOOP_ANALYSIS = YES;
				CLANG_WARN_STRICT_PROTOTYPES = YES;
				CLANG_WARN_SUSPICIOUS_MOVE = YES;
				CLANG_WARN_UNGUARDED_AVAILABILITY = YES_AGGRESSIVE;
				CLANG_WARN_UNREACHABLE_CODE = YES;
				CLANG_WARN__DUPLICATE_METHOD_MATCH = YES;
				COPY_PHASE_STRIP = NO;
				DEBUG_INFORMATION_FORMAT = "dwarf-with-dsym";
				ENABLE_NS_ASSERTIONS = NO;
				ENABLE_STRICT_OBJC_MSGSEND = YES;
				GCC_C_LANGUAGE_STANDARD = gnu11;
				GCC_NO_COMMON_BLOCKS = YES;
				GCC_WARN_64_TO_32_BIT_CONVERSION = YES;
				GCC_WARN_ABOUT_RETURN_TYPE = YES_ERROR;
				GCC_WARN_UNDECLARED_SELECTOR = YES;
				GCC_WARN_UNINITIALIZED_AUTOS = YES_AGGRESSIVE;
				GCC_WARN_UNUSED_FUNCTION = YES;
				GCC_WARN_UNUSED_VARIABLE = YES;
				IPHONEOS_DEPLOYMENT_TARGET = 14.4;
				MTL_ENABLE_DEBUG_INFO = NO;
				MTL_FAST_MATH = YES;
				SDKROOT = iphoneos;
				SWIFT_COMPILATION_MODE = wholemodule;
				SWIFT_OPTIMIZATION_LEVEL = "-O";
				VALIDATE_PRODUCT = YES;
			};
			name = Release;
		};
		54953ED8261C49CF002737B9 /* Debug */ = {
			isa = XCBuildConfiguration;
			buildSettings = {
				ASSETCATALOG_COMPILER_APPICON_NAME = AppIcon;
				ASSETCATALOG_COMPILER_GLOBAL_ACCENT_COLOR_NAME = AccentColor;
				CODE_SIGN_STYLE = Automatic;
				DEVELOPMENT_ASSET_PATHS = "\"duoProject/Preview Content\"";
				DEVELOPMENT_TEAM = YYTT69396J;
				ENABLE_PREVIEWS = YES;
				INFOPLIST_FILE = duoProject/Info.plist;
				IPHONEOS_DEPLOYMENT_TARGET = 14.0;
				LD_RUNPATH_SEARCH_PATHS = (
					"$(inherited)",
					"@executable_path/Frameworks",
				);
				PRODUCT_BUNDLE_IDENTIFIER = ueen.duoProject;
				PRODUCT_NAME = "$(TARGET_NAME)";
				SWIFT_VERSION = 5.0;
				TARGETED_DEVICE_FAMILY = "1,2";
			};
			name = Debug;
		};
		54953ED9261C49CF002737B9 /* Release */ = {
			isa = XCBuildConfiguration;
			buildSettings = {
				ASSETCATALOG_COMPILER_APPICON_NAME = AppIcon;
				ASSETCATALOG_COMPILER_GLOBAL_ACCENT_COLOR_NAME = AccentColor;
				CODE_SIGN_STYLE = Automatic;
				DEVELOPMENT_ASSET_PATHS = "\"duoProject/Preview Content\"";
				DEVELOPMENT_TEAM = YYTT69396J;
				ENABLE_PREVIEWS = YES;
				INFOPLIST_FILE = duoProject/Info.plist;
				IPHONEOS_DEPLOYMENT_TARGET = 14.0;
				LD_RUNPATH_SEARCH_PATHS = (
					"$(inherited)",
					"@executable_path/Frameworks",
				);
				PRODUCT_BUNDLE_IDENTIFIER = ueen.duoProject;
				PRODUCT_NAME = "$(TARGET_NAME)";
				SWIFT_VERSION = 5.0;
				TARGETED_DEVICE_FAMILY = "1,2";
			};
			name = Release;
		};
/* End XCBuildConfiguration section */

/* Begin XCConfigurationList section */
		54953EC3261C49CC002737B9 /* Build configuration list for PBXProject "duoProject" */ = {
			isa = XCConfigurationList;
			buildConfigurations = (
				54953ED5261C49CF002737B9 /* Debug */,
				54953ED6261C49CF002737B9 /* Release */,
			);
			defaultConfigurationIsVisible = 0;
			defaultConfigurationName = Release;
		};
		54953ED7261C49CF002737B9 /* Build configuration list for PBXNativeTarget "duoProject" */ = {
			isa = XCConfigurationList;
			buildConfigurations = (
				54953ED8261C49CF002737B9 /* Debug */,
				54953ED9261C49CF002737B9 /* Release */,
			);
			defaultConfigurationIsVisible = 0;
			defaultConfigurationName = Release;
		};
/* End XCConfigurationList section */
	};
	rootObject = 54953EC0261C49CC002737B9 /* Project object */;
}
